// !$*UTF8*$!
{
	archiveVersion = 1;
	classes = {
	};
	objectVersion = 46;
	objects = {

/* Begin PBXBuildFile section */
		50CAF4C8180430A6009A7FA1 /* Foundation.framework in Frameworks */ = {isa = PBXBuildFile; fileRef = 50CAF4C7180430A6009A7FA1 /* Foundation.framework */; };
		50CAF4CA180430A6009A7FA1 /* CoreGraphics.framework in Frameworks */ = {isa = PBXBuildFile; fileRef = 50CAF4C9180430A6009A7FA1 /* CoreGraphics.framework */; };
		50CAF4CC180430A6009A7FA1 /* UIKit.framework in Frameworks */ = {isa = PBXBuildFile; fileRef = 50CAF4CB180430A6009A7FA1 /* UIKit.framework */; };
		50CAF4D2180430A6009A7FA1 /* InfoPlist.strings in Resources */ = {isa = PBXBuildFile; fileRef = 50CAF4D0180430A6009A7FA1 /* InfoPlist.strings */; };
		50CAF4D4180430A6009A7FA1 /* main.m in Sources */ = {isa = PBXBuildFile; fileRef = 50CAF4D3180430A6009A7FA1 /* main.m */; };
		50CAF4D8180430A6009A7FA1 /* AppDelegate.m in Sources */ = {isa = PBXBuildFile; fileRef = 50CAF4D7180430A6009A7FA1 /* AppDelegate.m */; };
		50CAF4DE180430A6009A7FA1 /* ViewController.m in Sources */ = {isa = PBXBuildFile; fileRef = 50CAF4DD180430A6009A7FA1 /* ViewController.m */; };
		50CAF4E0180430A6009A7FA1 /* Images.xcassets in Resources */ = {isa = PBXBuildFile; fileRef = 50CAF4DF180430A6009A7FA1 /* Images.xcassets */; };
		50CAF4E7180430A6009A7FA1 /* XCTest.framework in Frameworks */ = {isa = PBXBuildFile; fileRef = 50CAF4E6180430A6009A7FA1 /* XCTest.framework */; };
		50CAF4E8180430A6009A7FA1 /* Foundation.framework in Frameworks */ = {isa = PBXBuildFile; fileRef = 50CAF4C7180430A6009A7FA1 /* Foundation.framework */; };
		50CAF4E9180430A6009A7FA1 /* UIKit.framework in Frameworks */ = {isa = PBXBuildFile; fileRef = 50CAF4CB180430A6009A7FA1 /* UIKit.framework */; };
		50CAF4F1180430A6009A7FA1 /* InfoPlist.strings in Resources */ = {isa = PBXBuildFile; fileRef = 50CAF4EF180430A6009A7FA1 /* InfoPlist.strings */; };
		50CAF4F3180430A6009A7FA1 /* LinearPartitionTests.m in Sources */ = {isa = PBXBuildFile; fileRef = 50CAF4F2180430A6009A7FA1 /* LinearPartitionTests.m */; };
		FD607149181E4C8B00593765 /* Main.storyboard in Resources */ = {isa = PBXBuildFile; fileRef = FD607148181E4C8B00593765 /* Main.storyboard */; };
		FD9D1F69181FBFC600F17457 /* ImageCell.m in Sources */ = {isa = PBXBuildFile; fileRef = FD9D1F68181FBFC600F17457 /* ImageCell.m */; };
		FD9D1F84181FC08500F17457 /* photo-01.jpg in Resources */ = {isa = PBXBuildFile; fileRef = FD9D1F6C181FC08500F17457 /* photo-01.jpg */; };
		FD9D1F85181FC08500F17457 /* photo-02.jpg in Resources */ = {isa = PBXBuildFile; fileRef = FD9D1F6D181FC08500F17457 /* photo-02.jpg */; };
		FD9D1F86181FC08500F17457 /* photo-03.jpg in Resources */ = {isa = PBXBuildFile; fileRef = FD9D1F6E181FC08500F17457 /* photo-03.jpg */; };
		FD9D1F87181FC08500F17457 /* photo-04.jpg in Resources */ = {isa = PBXBuildFile; fileRef = FD9D1F6F181FC08500F17457 /* photo-04.jpg */; };
		FD9D1F88181FC08500F17457 /* photo-05.jpg in Resources */ = {isa = PBXBuildFile; fileRef = FD9D1F70181FC08500F17457 /* photo-05.jpg */; };
		FD9D1F89181FC08500F17457 /* photo-06.jpg in Resources */ = {isa = PBXBuildFile; fileRef = FD9D1F71181FC08500F17457 /* photo-06.jpg */; };
		FD9D1F8A181FC08500F17457 /* photo-07.jpg in Resources */ = {isa = PBXBuildFile; fileRef = FD9D1F72181FC08500F17457 /* photo-07.jpg */; };
		FD9D1F8B181FC08500F17457 /* photo-08.jpg in Resources */ = {isa = PBXBuildFile; fileRef = FD9D1F73181FC08500F17457 /* photo-08.jpg */; };
		FD9D1F8C181FC08500F17457 /* photo-09.jpg in Resources */ = {isa = PBXBuildFile; fileRef = FD9D1F74181FC08500F17457 /* photo-09.jpg */; };
		FD9D1F8D181FC08500F17457 /* photo-10.jpg in Resources */ = {isa = PBXBuildFile; fileRef = FD9D1F75181FC08500F17457 /* photo-10.jpg */; };
		FD9D1F8E181FC08500F17457 /* photo-11.jpg in Resources */ = {isa = PBXBuildFile; fileRef = FD9D1F76181FC08500F17457 /* photo-11.jpg */; };
		FD9D1F8F181FC08500F17457 /* photo-12.jpg in Resources */ = {isa = PBXBuildFile; fileRef = FD9D1F77181FC08500F17457 /* photo-12.jpg */; };
		FD9D1F90181FC08500F17457 /* photo-13.jpg in Resources */ = {isa = PBXBuildFile; fileRef = FD9D1F78181FC08500F17457 /* photo-13.jpg */; };
		FD9D1F91181FC08500F17457 /* photo-14.jpg in Resources */ = {isa = PBXBuildFile; fileRef = FD9D1F79181FC08500F17457 /* photo-14.jpg */; };
		FD9D1F92181FC08500F17457 /* photo-15.jpg in Resources */ = {isa = PBXBuildFile; fileRef = FD9D1F7A181FC08500F17457 /* photo-15.jpg */; };
		FD9D1F93181FC08500F17457 /* photo-16.jpg in Resources */ = {isa = PBXBuildFile; fileRef = FD9D1F7B181FC08500F17457 /* photo-16.jpg */; };
		FD9D1F94181FC08500F17457 /* photo-17.jpg in Resources */ = {isa = PBXBuildFile; fileRef = FD9D1F7C181FC08500F17457 /* photo-17.jpg */; };
		FD9D1F95181FC08500F17457 /* photo-18.jpg in Resources */ = {isa = PBXBuildFile; fileRef = FD9D1F7D181FC08500F17457 /* photo-18.jpg */; };
		FD9D1F96181FC08500F17457 /* photo-19.jpg in Resources */ = {isa = PBXBuildFile; fileRef = FD9D1F7E181FC08500F17457 /* photo-19.jpg */; };
		FD9D1F97181FC08500F17457 /* photo-20.jpg in Resources */ = {isa = PBXBuildFile; fileRef = FD9D1F7F181FC08500F17457 /* photo-20.jpg */; };
		FD9D1F98181FC08500F17457 /* photo-21.jpg in Resources */ = {isa = PBXBuildFile; fileRef = FD9D1F80181FC08500F17457 /* photo-21.jpg */; };
		FD9D1F99181FC08500F17457 /* photo-22.jpg in Resources */ = {isa = PBXBuildFile; fileRef = FD9D1F81181FC08500F17457 /* photo-22.jpg */; };
		FD9D1F9A181FC08500F17457 /* photo-23.jpg in Resources */ = {isa = PBXBuildFile; fileRef = FD9D1F82181FC08500F17457 /* photo-23.jpg */; };
		FD9D1F9B181FC08500F17457 /* photo-24.jpg in Resources */ = {isa = PBXBuildFile; fileRef = FD9D1F83181FC08500F17457 /* photo-24.jpg */; };
		FDC8070D182B84C600ADF578 /* NHBalancedFlowLayout.m in Sources */ = {isa = PBXBuildFile; fileRef = FDC8070A182B84C600ADF578 /* NHBalancedFlowLayout.m */; };
		FDC8070E182B84C600ADF578 /* NHLinearPartition.m in Sources */ = {isa = PBXBuildFile; fileRef = FDC8070C182B84C600ADF578 /* NHLinearPartition.m */; };
		FDDD339B18218D6500314905 /* UIImage+Decompression.m in Sources */ = {isa = PBXBuildFile; fileRef = FDDD339A18218D6500314905 /* UIImage+Decompression.m */; };
/* End PBXBuildFile section */

/* Begin PBXContainerItemProxy section */
		50CAF4EA180430A6009A7FA1 /* PBXContainerItemProxy */ = {
			isa = PBXContainerItemProxy;
			containerPortal = 50CAF4BC180430A6009A7FA1 /* Project object */;
			proxyType = 1;
			remoteGlobalIDString = 50CAF4C3180430A6009A7FA1;
			remoteInfo = LinearPartition;
		};
/* End PBXContainerItemProxy section */

/* Begin PBXFileReference section */
		50CAF4C4180430A6009A7FA1 /* BalancedFlowLayoutDemo.app */ = {isa = PBXFileReference; explicitFileType = wrapper.application; includeInIndex = 0; path = BalancedFlowLayoutDemo.app; sourceTree = BUILT_PRODUCTS_DIR; };
		50CAF4C7180430A6009A7FA1 /* Foundation.framework */ = {isa = PBXFileReference; lastKnownFileType = wrapper.framework; name = Foundation.framework; path = System/Library/Frameworks/Foundation.framework; sourceTree = SDKROOT; };
		50CAF4C9180430A6009A7FA1 /* CoreGraphics.framework */ = {isa = PBXFileReference; lastKnownFileType = wrapper.framework; name = CoreGraphics.framework; path = System/Library/Frameworks/CoreGraphics.framework; sourceTree = SDKROOT; };
		50CAF4CB180430A6009A7FA1 /* UIKit.framework */ = {isa = PBXFileReference; lastKnownFileType = wrapper.framework; name = UIKit.framework; path = System/Library/Frameworks/UIKit.framework; sourceTree = SDKROOT; };
		50CAF4CF180430A6009A7FA1 /* BalancedFlowLayoutDemo-Info.plist */ = {isa = PBXFileReference; lastKnownFileType = text.plist.xml; path = "BalancedFlowLayoutDemo-Info.plist"; sourceTree = "<group>"; };
		50CAF4D1180430A6009A7FA1 /* en */ = {isa = PBXFileReference; lastKnownFileType = text.plist.strings; name = en; path = en.lproj/InfoPlist.strings; sourceTree = "<group>"; };
		50CAF4D3180430A6009A7FA1 /* main.m */ = {isa = PBXFileReference; lastKnownFileType = sourcecode.c.objc; path = main.m; sourceTree = "<group>"; };
		50CAF4D5180430A6009A7FA1 /* BalancedFlowLayoutDemo-Prefix.pch */ = {isa = PBXFileReference; lastKnownFileType = sourcecode.c.h; path = "BalancedFlowLayoutDemo-Prefix.pch"; sourceTree = "<group>"; };
		50CAF4D6180430A6009A7FA1 /* AppDelegate.h */ = {isa = PBXFileReference; lastKnownFileType = sourcecode.c.h; path = AppDelegate.h; sourceTree = "<group>"; };
		50CAF4D7180430A6009A7FA1 /* AppDelegate.m */ = {isa = PBXFileReference; lastKnownFileType = sourcecode.c.objc; path = AppDelegate.m; sourceTree = "<group>"; };
		50CAF4DC180430A6009A7FA1 /* ViewController.h */ = {isa = PBXFileReference; lastKnownFileType = sourcecode.c.h; path = ViewController.h; sourceTree = "<group>"; };
		50CAF4DD180430A6009A7FA1 /* ViewController.m */ = {isa = PBXFileReference; lastKnownFileType = sourcecode.c.objc; path = ViewController.m; sourceTree = "<group>"; };
		50CAF4DF180430A6009A7FA1 /* Images.xcassets */ = {isa = PBXFileReference; lastKnownFileType = folder.assetcatalog; path = Images.xcassets; sourceTree = "<group>"; };
		50CAF4E5180430A6009A7FA1 /* BalancedFlowLayoutDemoTests.xctest */ = {isa = PBXFileReference; explicitFileType = wrapper.cfbundle; includeInIndex = 0; path = BalancedFlowLayoutDemoTests.xctest; sourceTree = BUILT_PRODUCTS_DIR; };
		50CAF4E6180430A6009A7FA1 /* XCTest.framework */ = {isa = PBXFileReference; lastKnownFileType = wrapper.framework; name = XCTest.framework; path = Library/Frameworks/XCTest.framework; sourceTree = DEVELOPER_DIR; };
		50CAF4EE180430A6009A7FA1 /* BalancedFlowLayoutDemoTests-Info.plist */ = {isa = PBXFileReference; lastKnownFileType = text.plist.xml; path = "BalancedFlowLayoutDemoTests-Info.plist"; sourceTree = "<group>"; };
		50CAF4F0180430A6009A7FA1 /* en */ = {isa = PBXFileReference; lastKnownFileType = text.plist.strings; name = en; path = en.lproj/InfoPlist.strings; sourceTree = "<group>"; };
		50CAF4F2180430A6009A7FA1 /* LinearPartitionTests.m */ = {isa = PBXFileReference; lastKnownFileType = sourcecode.c.objc; path = LinearPartitionTests.m; sourceTree = "<group>"; };
		FD607148181E4C8B00593765 /* Main.storyboard */ = {isa = PBXFileReference; fileEncoding = 4; lastKnownFileType = file.storyboard; path = Main.storyboard; sourceTree = "<group>"; };
		FD9D1F67181FBFC600F17457 /* ImageCell.h */ = {isa = PBXFileReference; fileEncoding = 4; lastKnownFileType = sourcecode.c.h; path = ImageCell.h; sourceTree = "<group>"; };
		FD9D1F68181FBFC600F17457 /* ImageCell.m */ = {isa = PBXFileReference; fileEncoding = 4; lastKnownFileType = sourcecode.c.objc; path = ImageCell.m; sourceTree = "<group>"; };
		FD9D1F6C181FC08500F17457 /* photo-01.jpg */ = {isa = PBXFileReference; lastKnownFileType = image.jpeg; path = "photo-01.jpg"; sourceTree = "<group>"; };
		FD9D1F6D181FC08500F17457 /* photo-02.jpg */ = {isa = PBXFileReference; lastKnownFileType = image.jpeg; path = "photo-02.jpg"; sourceTree = "<group>"; };
		FD9D1F6E181FC08500F17457 /* photo-03.jpg */ = {isa = PBXFileReference; lastKnownFileType = image.jpeg; path = "photo-03.jpg"; sourceTree = "<group>"; };
		FD9D1F6F181FC08500F17457 /* photo-04.jpg */ = {isa = PBXFileReference; lastKnownFileType = image.jpeg; path = "photo-04.jpg"; sourceTree = "<group>"; };
		FD9D1F70181FC08500F17457 /* photo-05.jpg */ = {isa = PBXFileReference; lastKnownFileType = image.jpeg; path = "photo-05.jpg"; sourceTree = "<group>"; };
		FD9D1F71181FC08500F17457 /* photo-06.jpg */ = {isa = PBXFileReference; lastKnownFileType = image.jpeg; path = "photo-06.jpg"; sourceTree = "<group>"; };
		FD9D1F72181FC08500F17457 /* photo-07.jpg */ = {isa = PBXFileReference; lastKnownFileType = image.jpeg; path = "photo-07.jpg"; sourceTree = "<group>"; };
		FD9D1F73181FC08500F17457 /* photo-08.jpg */ = {isa = PBXFileReference; lastKnownFileType = image.jpeg; path = "photo-08.jpg"; sourceTree = "<group>"; };
		FD9D1F74181FC08500F17457 /* photo-09.jpg */ = {isa = PBXFileReference; lastKnownFileType = image.jpeg; path = "photo-09.jpg"; sourceTree = "<group>"; };
		FD9D1F75181FC08500F17457 /* photo-10.jpg */ = {isa = PBXFileReference; lastKnownFileType = image.jpeg; path = "photo-10.jpg"; sourceTree = "<group>"; };
		FD9D1F76181FC08500F17457 /* photo-11.jpg */ = {isa = PBXFileReference; lastKnownFileType = image.jpeg; path = "photo-11.jpg"; sourceTree = "<group>"; };
		FD9D1F77181FC08500F17457 /* photo-12.jpg */ = {isa = PBXFileReference; lastKnownFileType = image.jpeg; path = "photo-12.jpg"; sourceTree = "<group>"; };
		FD9D1F78181FC08500F17457 /* photo-13.jpg */ = {isa = PBXFileReference; lastKnownFileType = image.jpeg; path = "photo-13.jpg"; sourceTree = "<group>"; };
		FD9D1F79181FC08500F17457 /* photo-14.jpg */ = {isa = PBXFileReference; lastKnownFileType = image.jpeg; path = "photo-14.jpg"; sourceTree = "<group>"; };
		FD9D1F7A181FC08500F17457 /* photo-15.jpg */ = {isa = PBXFileReference; lastKnownFileType = image.jpeg; path = "photo-15.jpg"; sourceTree = "<group>"; };
		FD9D1F7B181FC08500F17457 /* photo-16.jpg */ = {isa = PBXFileReference; lastKnownFileType = image.jpeg; path = "photo-16.jpg"; sourceTree = "<group>"; };
		FD9D1F7C181FC08500F17457 /* photo-17.jpg */ = {isa = PBXFileReference; lastKnownFileType = image.jpeg; path = "photo-17.jpg"; sourceTree = "<group>"; };
		FD9D1F7D181FC08500F17457 /* photo-18.jpg */ = {isa = PBXFileReference; lastKnownFileType = image.jpeg; path = "photo-18.jpg"; sourceTree = "<group>"; };
		FD9D1F7E181FC08500F17457 /* photo-19.jpg */ = {isa = PBXFileReference; lastKnownFileType = image.jpeg; path = "photo-19.jpg"; sourceTree = "<group>"; };
		FD9D1F7F181FC08500F17457 /* photo-20.jpg */ = {isa = PBXFileReference; lastKnownFileType = image.jpeg; path = "photo-20.jpg"; sourceTree = "<group>"; };
		FD9D1F80181FC08500F17457 /* photo-21.jpg */ = {isa = PBXFileReference; lastKnownFileType = image.jpeg; path = "photo-21.jpg"; sourceTree = "<group>"; };
		FD9D1F81181FC08500F17457 /* photo-22.jpg */ = {isa = PBXFileReference; lastKnownFileType = image.jpeg; path = "photo-22.jpg"; sourceTree = "<group>"; };
		FD9D1F82181FC08500F17457 /* photo-23.jpg */ = {isa = PBXFileReference; lastKnownFileType = image.jpeg; path = "photo-23.jpg"; sourceTree = "<group>"; };
		FD9D1F83181FC08500F17457 /* photo-24.jpg */ = {isa = PBXFileReference; lastKnownFileType = image.jpeg; path = "photo-24.jpg"; sourceTree = "<group>"; };
		FDC80709182B84C600ADF578 /* NHBalancedFlowLayout.h */ = {isa = PBXFileReference; fileEncoding = 4; lastKnownFileType = sourcecode.c.h; path = NHBalancedFlowLayout.h; sourceTree = "<group>"; };
		FDC8070A182B84C600ADF578 /* NHBalancedFlowLayout.m */ = {isa = PBXFileReference; fileEncoding = 4; lastKnownFileType = sourcecode.c.objc; path = NHBalancedFlowLayout.m; sourceTree = "<group>"; };
		FDC8070B182B84C600ADF578 /* NHLinearPartition.h */ = {isa = PBXFileReference; fileEncoding = 4; lastKnownFileType = sourcecode.c.h; path = NHLinearPartition.h; sourceTree = "<group>"; };
		FDC8070C182B84C600ADF578 /* NHLinearPartition.m */ = {isa = PBXFileReference; fileEncoding = 4; lastKnownFileType = sourcecode.c.objc; path = NHLinearPartition.m; sourceTree = "<group>"; };
		FDDD339918218D6500314905 /* UIImage+Decompression.h */ = {isa = PBXFileReference; fileEncoding = 4; lastKnownFileType = sourcecode.c.h; path = "UIImage+Decompression.h"; sourceTree = "<group>"; };
		FDDD339A18218D6500314905 /* UIImage+Decompression.m */ = {isa = PBXFileReference; fileEncoding = 4; lastKnownFileType = sourcecode.c.objc; path = "UIImage+Decompression.m"; sourceTree = "<group>"; };
/* End PBXFileReference section */

/* Begin PBXFrameworksBuildPhase section */
		50CAF4C1180430A6009A7FA1 /* Frameworks */ = {
			isa = PBXFrameworksBuildPhase;
			buildActionMask = 2147483647;
			files = (
				50CAF4CA180430A6009A7FA1 /* CoreGraphics.framework in Frameworks */,
				50CAF4CC180430A6009A7FA1 /* UIKit.framework in Frameworks */,
				50CAF4C8180430A6009A7FA1 /* Foundation.framework in Frameworks */,
			);
			runOnlyForDeploymentPostprocessing = 0;
		};
		50CAF4E2180430A6009A7FA1 /* Frameworks */ = {
			isa = PBXFrameworksBuildPhase;
			buildActionMask = 2147483647;
			files = (
				50CAF4E7180430A6009A7FA1 /* XCTest.framework in Frameworks */,
				50CAF4E9180430A6009A7FA1 /* UIKit.framework in Frameworks */,
				50CAF4E8180430A6009A7FA1 /* Foundation.framework in Frameworks */,
			);
			runOnlyForDeploymentPostprocessing = 0;
		};
/* End PBXFrameworksBuildPhase section */

/* Begin PBXGroup section */
		50CAF4BB180430A6009A7FA1 = {
			isa = PBXGroup;
			children = (
				FDC80708182B849F00ADF578 /* NHBalancedFlowLayout */,
				50CAF4CD180430A6009A7FA1 /* BalancedFlowLayoutDemo */,
				FD9D1F6A181FC08500F17457 /* Resources */,
				50CAF4EC180430A6009A7FA1 /* BalancedFlowLayoutDemoTests */,
				50CAF4C6180430A6009A7FA1 /* Frameworks */,
				50CAF4C5180430A6009A7FA1 /* Products */,
			);
			sourceTree = "<group>";
		};
		50CAF4C5180430A6009A7FA1 /* Products */ = {
			isa = PBXGroup;
			children = (
				50CAF4C4180430A6009A7FA1 /* BalancedFlowLayoutDemo.app */,
				50CAF4E5180430A6009A7FA1 /* BalancedFlowLayoutDemoTests.xctest */,
			);
			name = Products;
			sourceTree = "<group>";
		};
		50CAF4C6180430A6009A7FA1 /* Frameworks */ = {
			isa = PBXGroup;
			children = (
				50CAF4C7180430A6009A7FA1 /* Foundation.framework */,
				50CAF4C9180430A6009A7FA1 /* CoreGraphics.framework */,
				50CAF4CB180430A6009A7FA1 /* UIKit.framework */,
				50CAF4E6180430A6009A7FA1 /* XCTest.framework */,
			);
			name = Frameworks;
			sourceTree = "<group>";
		};
		50CAF4CD180430A6009A7FA1 /* BalancedFlowLayoutDemo */ = {
			isa = PBXGroup;
			children = (
				50CAF4D6180430A6009A7FA1 /* AppDelegate.h */,
				50CAF4D7180430A6009A7FA1 /* AppDelegate.m */,
				FD607148181E4C8B00593765 /* Main.storyboard */,
				50CAF4DC180430A6009A7FA1 /* ViewController.h */,
				50CAF4DD180430A6009A7FA1 /* ViewController.m */,
				FD9D1F67181FBFC600F17457 /* ImageCell.h */,
				FD9D1F68181FBFC600F17457 /* ImageCell.m */,
				FDDD339918218D6500314905 /* UIImage+Decompression.h */,
				FDDD339A18218D6500314905 /* UIImage+Decompression.m */,
				50CAF4DF180430A6009A7FA1 /* Images.xcassets */,
				50CAF4CE180430A6009A7FA1 /* Supporting Files */,
			);
			path = BalancedFlowLayoutDemo;
			sourceTree = "<group>";
		};
		50CAF4CE180430A6009A7FA1 /* Supporting Files */ = {
			isa = PBXGroup;
			children = (
				50CAF4CF180430A6009A7FA1 /* BalancedFlowLayoutDemo-Info.plist */,
				50CAF4D0180430A6009A7FA1 /* InfoPlist.strings */,
				50CAF4D3180430A6009A7FA1 /* main.m */,
				50CAF4D5180430A6009A7FA1 /* BalancedFlowLayoutDemo-Prefix.pch */,
			);
			name = "Supporting Files";
			sourceTree = "<group>";
		};
		50CAF4EC180430A6009A7FA1 /* BalancedFlowLayoutDemoTests */ = {
			isa = PBXGroup;
			children = (
				50CAF4F2180430A6009A7FA1 /* LinearPartitionTests.m */,
				50CAF4ED180430A6009A7FA1 /* Supporting Files */,
			);
			path = BalancedFlowLayoutDemoTests;
			sourceTree = "<group>";
		};
		50CAF4ED180430A6009A7FA1 /* Supporting Files */ = {
			isa = PBXGroup;
			children = (
				50CAF4EE180430A6009A7FA1 /* BalancedFlowLayoutDemoTests-Info.plist */,
				50CAF4EF180430A6009A7FA1 /* InfoPlist.strings */,
			);
			name = "Supporting Files";
			sourceTree = "<group>";
		};
		FD9D1F6A181FC08500F17457 /* Resources */ = {
			isa = PBXGroup;
			children = (
				FD9D1F6B181FC08500F17457 /* Images */,
			);
			path = Resources;
			sourceTree = "<group>";
		};
		FD9D1F6B181FC08500F17457 /* Images */ = {
			isa = PBXGroup;
			children = (
				FD9D1F6C181FC08500F17457 /* photo-01.jpg */,
				FD9D1F6D181FC08500F17457 /* photo-02.jpg */,
				FD9D1F6E181FC08500F17457 /* photo-03.jpg */,
				FD9D1F6F181FC08500F17457 /* photo-04.jpg */,
				FD9D1F70181FC08500F17457 /* photo-05.jpg */,
				FD9D1F71181FC08500F17457 /* photo-06.jpg */,
				FD9D1F72181FC08500F17457 /* photo-07.jpg */,
				FD9D1F73181FC08500F17457 /* photo-08.jpg */,
				FD9D1F74181FC08500F17457 /* photo-09.jpg */,
				FD9D1F75181FC08500F17457 /* photo-10.jpg */,
				FD9D1F76181FC08500F17457 /* photo-11.jpg */,
				FD9D1F77181FC08500F17457 /* photo-12.jpg */,
				FD9D1F78181FC08500F17457 /* photo-13.jpg */,
				FD9D1F79181FC08500F17457 /* photo-14.jpg */,
				FD9D1F7A181FC08500F17457 /* photo-15.jpg */,
				FD9D1F7B181FC08500F17457 /* photo-16.jpg */,
				FD9D1F7C181FC08500F17457 /* photo-17.jpg */,
				FD9D1F7D181FC08500F17457 /* photo-18.jpg */,
				FD9D1F7E181FC08500F17457 /* photo-19.jpg */,
				FD9D1F7F181FC08500F17457 /* photo-20.jpg */,
				FD9D1F80181FC08500F17457 /* photo-21.jpg */,
				FD9D1F81181FC08500F17457 /* photo-22.jpg */,
				FD9D1F82181FC08500F17457 /* photo-23.jpg */,
				FD9D1F83181FC08500F17457 /* photo-24.jpg */,
			);
			path = Images;
			sourceTree = "<group>";
		};
		FDC80708182B849F00ADF578 /* NHBalancedFlowLayout */ = {
			isa = PBXGroup;
			children = (
				FDC80709182B84C600ADF578 /* NHBalancedFlowLayout.h */,
				FDC8070A182B84C600ADF578 /* NHBalancedFlowLayout.m */,
				FDC8070B182B84C600ADF578 /* NHLinearPartition.h */,
				FDC8070C182B84C600ADF578 /* NHLinearPartition.m */,
			);
			name = NHBalancedFlowLayout;
			path = ../NHBalancedFlowLayout;
			sourceTree = "<group>";
		};
/* End PBXGroup section */

/* Begin PBXNativeTarget section */
		50CAF4C3180430A6009A7FA1 /* BalancedFlowLayoutDemo */ = {
			isa = PBXNativeTarget;
			buildConfigurationList = 50CAF4F6180430A6009A7FA1 /* Build configuration list for PBXNativeTarget "BalancedFlowLayoutDemo" */;
			buildPhases = (
				50CAF4C0180430A6009A7FA1 /* Sources */,
				50CAF4C1180430A6009A7FA1 /* Frameworks */,
				50CAF4C2180430A6009A7FA1 /* Resources */,
			);
			buildRules = (
			);
			dependencies = (
			);
			name = BalancedFlowLayoutDemo;
			productName = LinearPartition;
			productReference = 50CAF4C4180430A6009A7FA1 /* BalancedFlowLayoutDemo.app */;
			productType = "com.apple.product-type.application";
		};
		50CAF4E4180430A6009A7FA1 /* BalancedFlowLayoutDemoTests */ = {
			isa = PBXNativeTarget;
			buildConfigurationList = 50CAF4F9180430A6009A7FA1 /* Build configuration list for PBXNativeTarget "BalancedFlowLayoutDemoTests" */;
			buildPhases = (
				50CAF4E1180430A6009A7FA1 /* Sources */,
				50CAF4E2180430A6009A7FA1 /* Frameworks */,
				50CAF4E3180430A6009A7FA1 /* Resources */,
			);
			buildRules = (
			);
			dependencies = (
				50CAF4EB180430A6009A7FA1 /* PBXTargetDependency */,
			);
			name = BalancedFlowLayoutDemoTests;
			productName = LinearPartitionTests;
			productReference = 50CAF4E5180430A6009A7FA1 /* BalancedFlowLayoutDemoTests.xctest */;
			productType = "com.apple.product-type.bundle.unit-test";
		};
/* End PBXNativeTarget section */

/* Begin PBXProject section */
		50CAF4BC180430A6009A7FA1 /* Project object */ = {
			isa = PBXProject;
			attributes = {
				LastUpgradeCheck = 0500;
				ORGANIZATIONNAME = "Niels de Hoog";
				TargetAttributes = {
					50CAF4E4180430A6009A7FA1 = {
						TestTargetID = 50CAF4C3180430A6009A7FA1;
					};
				};
			};
			buildConfigurationList = 50CAF4BF180430A6009A7FA1 /* Build configuration list for PBXProject "BalancedFlowLayoutDemo" */;
			compatibilityVersion = "Xcode 3.2";
			developmentRegion = English;
			hasScannedForEncodings = 0;
			knownRegions = (
				en,
				Base,
			);
			mainGroup = 50CAF4BB180430A6009A7FA1;
			productRefGroup = 50CAF4C5180430A6009A7FA1 /* Products */;
			projectDirPath = "";
			projectRoot = "";
			targets = (
				50CAF4C3180430A6009A7FA1 /* BalancedFlowLayoutDemo */,
				50CAF4E4180430A6009A7FA1 /* BalancedFlowLayoutDemoTests */,
			);
		};
/* End PBXProject section */

/* Begin PBXResourcesBuildPhase section */
		50CAF4C2180430A6009A7FA1 /* Resources */ = {
			isa = PBXResourcesBuildPhase;
			buildActionMask = 2147483647;
			files = (
				FD9D1F93181FC08500F17457 /* photo-16.jpg in Resources */,
				FD607149181E4C8B00593765 /* Main.storyboard in Resources */,
				FD9D1F86181FC08500F17457 /* photo-03.jpg in Resources */,
				FD9D1F9A181FC08500F17457 /* photo-23.jpg in Resources */,
				50CAF4E0180430A6009A7FA1 /* Images.xcassets in Resources */,
				FD9D1F8D181FC08500F17457 /* photo-10.jpg in Resources */,
				FD9D1F92181FC08500F17457 /* photo-15.jpg in Resources */,
				FD9D1F8A181FC08500F17457 /* photo-07.jpg in Resources */,
				50CAF4D2180430A6009A7FA1 /* InfoPlist.strings in Resources */,
				FD9D1F90181FC08500F17457 /* photo-13.jpg in Resources */,
				FD9D1F89181FC08500F17457 /* photo-06.jpg in Resources */,
				FD9D1F8B181FC08500F17457 /* photo-08.jpg in Resources */,
				FD9D1F8C181FC08500F17457 /* photo-09.jpg in Resources */,
				FD9D1F9B181FC08500F17457 /* photo-24.jpg in Resources */,
				FD9D1F91181FC08500F17457 /* photo-14.jpg in Resources */,
				FD9D1F98181FC08500F17457 /* photo-21.jpg in Resources */,
				FD9D1F85181FC08500F17457 /* photo-02.jpg in Resources */,
				FD9D1F96181FC08500F17457 /* photo-19.jpg in Resources */,
				FD9D1F84181FC08500F17457 /* photo-01.jpg in Resources */,
				FD9D1F87181FC08500F17457 /* photo-04.jpg in Resources */,
				FD9D1F8E181FC08500F17457 /* photo-11.jpg in Resources */,
				FD9D1F8F181FC08500F17457 /* photo-12.jpg in Resources */,
				FD9D1F94181FC08500F17457 /* photo-17.jpg in Resources */,
				FD9D1F97181FC08500F17457 /* photo-20.jpg in Resources */,
				FD9D1F95181FC08500F17457 /* photo-18.jpg in Resources */,
				FD9D1F99181FC08500F17457 /* photo-22.jpg in Resources */,
				FD9D1F88181FC08500F17457 /* photo-05.jpg in Resources */,
			);
			runOnlyForDeploymentPostprocessing = 0;
		};
		50CAF4E3180430A6009A7FA1 /* Resources */ = {
			isa = PBXResourcesBuildPhase;
			buildActionMask = 2147483647;
			files = (
				50CAF4F1180430A6009A7FA1 /* InfoPlist.strings in Resources */,
			);
			runOnlyForDeploymentPostprocessing = 0;
		};
/* End PBXResourcesBuildPhase section */

/* Begin PBXSourcesBuildPhase section */
		50CAF4C0180430A6009A7FA1 /* Sources */ = {
			isa = PBXSourcesBuildPhase;
			buildActionMask = 2147483647;
			files = (
				50CAF4DE180430A6009A7FA1 /* ViewController.m in Sources */,
				50CAF4D8180430A6009A7FA1 /* AppDelegate.m in Sources */,
				FDC8070E182B84C600ADF578 /* NHLinearPartition.m in Sources */,
				FD9D1F69181FBFC600F17457 /* ImageCell.m in Sources */,
				50CAF4D4180430A6009A7FA1 /* main.m in Sources */,
				FDDD339B18218D6500314905 /* UIImage+Decompression.m in Sources */,
				FDC8070D182B84C600ADF578 /* NHBalancedFlowLayout.m in Sources */,
			);
			runOnlyForDeploymentPostprocessing = 0;
		};
		50CAF4E1180430A6009A7FA1 /* Sources */ = {
			isa = PBXSourcesBuildPhase;
			buildActionMask = 2147483647;
			files = (
				50CAF4F3180430A6009A7FA1 /* LinearPartitionTests.m in Sources */,
			);
			runOnlyForDeploymentPostprocessing = 0;
		};
/* End PBXSourcesBuildPhase section */

/* Begin PBXTargetDependency section */
		50CAF4EB180430A6009A7FA1 /* PBXTargetDependency */ = {
			isa = PBXTargetDependency;
			target = 50CAF4C3180430A6009A7FA1 /* BalancedFlowLayoutDemo */;
			targetProxy = 50CAF4EA180430A6009A7FA1 /* PBXContainerItemProxy */;
		};
/* End PBXTargetDependency section */

/* Begin PBXVariantGroup section */
		50CAF4D0180430A6009A7FA1 /* InfoPlist.strings */ = {
			isa = PBXVariantGroup;
			children = (
				50CAF4D1180430A6009A7FA1 /* en */,
			);
			name = InfoPlist.strings;
			sourceTree = "<group>";
		};
		50CAF4EF180430A6009A7FA1 /* InfoPlist.strings */ = {
			isa = PBXVariantGroup;
			children = (
				50CAF4F0180430A6009A7FA1 /* en */,
			);
			name = InfoPlist.strings;
			sourceTree = "<group>";
		};
/* End PBXVariantGroup section */

/* Begin XCBuildConfiguration section */
		50CAF4F4180430A6009A7FA1 /* Debug */ = {
			isa = XCBuildConfiguration;
			buildSettings = {
				ALWAYS_SEARCH_USER_PATHS = NO;
				ARCHS = "$(ARCHS_STANDARD_INCLUDING_64_BIT)";
				CLANG_CXX_LANGUAGE_STANDARD = "gnu++0x";
				CLANG_CXX_LIBRARY = "libc++";
				CLANG_ENABLE_MODULES = YES;
				CLANG_ENABLE_OBJC_ARC = YES;
				CLANG_WARN_BOOL_CONVERSION = YES;
				CLANG_WARN_CONSTANT_CONVERSION = YES;
				CLANG_WARN_DIRECT_OBJC_ISA_USAGE = YES_ERROR;
				CLANG_WARN_EMPTY_BODY = YES;
				CLANG_WARN_ENUM_CONVERSION = YES;
				CLANG_WARN_INT_CONVERSION = YES;
				CLANG_WARN_OBJC_ROOT_CLASS = YES_ERROR;
				CLANG_WARN__DUPLICATE_METHOD_MATCH = YES;
				"CODE_SIGN_IDENTITY[sdk=iphoneos*]" = "iPhone Developer";
				COPY_PHASE_STRIP = NO;
				GCC_C_LANGUAGE_STANDARD = gnu99;
				GCC_DYNAMIC_NO_PIC = NO;
				GCC_OPTIMIZATION_LEVEL = 0;
				GCC_PREPROCESSOR_DEFINITIONS = (
					"DEBUG=1",
					"$(inherited)",
				);
				GCC_SYMBOLS_PRIVATE_EXTERN = NO;
				GCC_WARN_64_TO_32_BIT_CONVERSION = YES;
				GCC_WARN_ABOUT_RETURN_TYPE = YES_ERROR;
				GCC_WARN_UNDECLARED_SELECTOR = YES;
				GCC_WARN_UNINITIALIZED_AUTOS = YES;
				GCC_WARN_UNUSED_FUNCTION = YES;
				GCC_WARN_UNUSED_VARIABLE = YES;
				IPHONEOS_DEPLOYMENT_TARGET = 7.0;
				ONLY_ACTIVE_ARCH = YES;
				SDKROOT = iphoneos;
				TARGETED_DEVICE_FAMILY = 2;
			};
			name = Debug;
		};
		50CAF4F5180430A6009A7FA1 /* Release */ = {
			isa = XCBuildConfiguration;
			buildSettings = {
				ALWAYS_SEARCH_USER_PATHS = NO;
				ARCHS = "$(ARCHS_STANDARD_INCLUDING_64_BIT)";
				CLANG_CXX_LANGUAGE_STANDARD = "gnu++0x";
				CLANG_CXX_LIBRARY = "libc++";
				CLANG_ENABLE_MODULES = YES;
				CLANG_ENABLE_OBJC_ARC = YES;
				CLANG_WARN_BOOL_CONVERSION = YES;
				CLANG_WARN_CONSTANT_CONVERSION = YES;
				CLANG_WARN_DIRECT_OBJC_ISA_USAGE = YES_ERROR;
				CLANG_WARN_EMPTY_BODY = YES;
				CLANG_WARN_ENUM_CONVERSION = YES;
				CLANG_WARN_INT_CONVERSION = YES;
				CLANG_WARN_OBJC_ROOT_CLASS = YES_ERROR;
				CLANG_WARN__DUPLICATE_METHOD_MATCH = YES;
				"CODE_SIGN_IDENTITY[sdk=iphoneos*]" = "iPhone Developer";
				COPY_PHASE_STRIP = YES;
				ENABLE_NS_ASSERTIONS = NO;
				GCC_C_LANGUAGE_STANDARD = gnu99;
				GCC_WARN_64_TO_32_BIT_CONVERSION = YES;
				GCC_WARN_ABOUT_RETURN_TYPE = YES_ERROR;
				GCC_WARN_UNDECLARED_SELECTOR = YES;
				GCC_WARN_UNINITIALIZED_AUTOS = YES;
				GCC_WARN_UNUSED_FUNCTION = YES;
				GCC_WARN_UNUSED_VARIABLE = YES;
				IPHONEOS_DEPLOYMENT_TARGET = 7.0;
				SDKROOT = iphoneos;
				TARGETED_DEVICE_FAMILY = 2;
				VALIDATE_PRODUCT = YES;
			};
			name = Release;
		};
		50CAF4F7180430A6009A7FA1 /* Debug */ = {
			isa = XCBuildConfiguration;
			buildSettings = {
				ASSETCATALOG_COMPILER_APPICON_NAME = AppIcon;
				ASSETCATALOG_COMPILER_LAUNCHIMAGE_NAME = LaunchImage;
				GCC_PRECOMPILE_PREFIX_HEADER = YES;
				GCC_PREFIX_HEADER = "BalancedFlowLayoutDemo/BalancedFlowLayoutDemo-Prefix.pch";
				INFOPLIST_FILE = "BalancedFlowLayoutDemo/BalancedFlowLayoutDemo-Info.plist";
				IPHONEOS_DEPLOYMENT_TARGET = 6.0;
				PRODUCT_NAME = BalancedFlowLayoutDemo;
				TARGETED_DEVICE_FAMILY = "1,2";
				WRAPPER_EXTENSION = app;
			};
			name = Debug;
		};
		50CAF4F8180430A6009A7FA1 /* Release */ = {
			isa = XCBuildConfiguration;
			buildSettings = {
				ASSETCATALOG_COMPILER_APPICON_NAME = AppIcon;
				ASSETCATALOG_COMPILER_LAUNCHIMAGE_NAME = LaunchImage;
				GCC_PRECOMPILE_PREFIX_HEADER = YES;
				GCC_PREFIX_HEADER = "BalancedFlowLayoutDemo/BalancedFlowLayoutDemo-Prefix.pch";
				INFOPLIST_FILE = "BalancedFlowLayoutDemo/BalancedFlowLayoutDemo-Info.plist";
				IPHONEOS_DEPLOYMENT_TARGET = 6.0;
				PRODUCT_NAME = BalancedFlowLayoutDemo;
				TARGETED_DEVICE_FAMILY = "1,2";
				WRAPPER_EXTENSION = app;
			};
			name = Release;
		};
		50CAF4FA180430A6009A7FA1 /* Debug */ = {
			isa = XCBuildConfiguration;
			buildSettings = {
				ARCHS = "$(ARCHS_STANDARD_INCLUDING_64_BIT)";
				BUNDLE_LOADER = "$(BUILT_PRODUCTS_DIR)/LinearPartition.app/LinearPartition";
				FRAMEWORK_SEARCH_PATHS = (
					"$(SDKROOT)/Developer/Library/Frameworks",
					"$(inherited)",
					"$(DEVELOPER_FRAMEWORKS_DIR)",
				);
				GCC_PRECOMPILE_PREFIX_HEADER = YES;
				GCC_PREFIX_HEADER = "LinearPartition/LinearPartition-Prefix.pch";
				GCC_PREPROCESSOR_DEFINITIONS = (
					"DEBUG=1",
					"$(inherited)",
				);
				INFOPLIST_FILE = "LinearPartitionTests/BalancedFlowLayoutDemoTests-Info.plist";
				PRODUCT_NAME = BalancedFlowLayoutDemoTests;
				TEST_HOST = "$(BUNDLE_LOADER)";
				WRAPPER_EXTENSION = xctest;
			};
			name = Debug;
		};
		50CAF4FB180430A6009A7FA1 /* Release */ = {
			isa = XCBuildConfiguration;
			buildSettings = {
				ARCHS = "$(ARCHS_STANDARD_INCLUDING_64_BIT)";
				BUNDLE_LOADER = "$(BUILT_PRODUCTS_DIR)/LinearPartition.app/LinearPartition";
				FRAMEWORK_SEARCH_PATHS = (
					"$(SDKROOT)/Developer/Library/Frameworks",
					"$(inherited)",
					"$(DEVELOPER_FRAMEWORKS_DIR)",
				);
				GCC_PRECOMPILE_PREFIX_HEADER = YES;
				GCC_PREFIX_HEADER = "LinearPartition/LinearPartition-Prefix.pch";
				INFOPLIST_FILE = "LinearPartitionTests/BalancedFlowLayoutDemoTests-Info.plist";
				PRODUCT_NAME = BalancedFlowLayoutDemoTests;
				TEST_HOST = "$(BUNDLE_LOADER)";
				WRAPPER_EXTENSION = xctest;
			};
			name = Release;
		};
/* End XCBuildConfiguration section */

/* Begin XCConfigurationList section */
		50CAF4BF180430A6009A7FA1 /* Build configuration list for PBXProject "BalancedFlowLayoutDemo" */ = {
			isa = XCConfigurationList;
			buildConfigurations = (
				50CAF4F4180430A6009A7FA1 /* Debug */,
				50CAF4F5180430A6009A7FA1 /* Release */,
			);
			defaultConfigurationIsVisible = 0;
			defaultConfigurationName = Release;
		};
		50CAF4F6180430A6009A7FA1 /* Build configuration list for PBXNativeTarget "BalancedFlowLayoutDemo" */ = {
			isa = XCConfigurationList;
			buildConfigurations = (
				50CAF4F7180430A6009A7FA1 /* Debug */,
				50CAF4F8180430A6009A7FA1 /* Release */,
			);
			defaultConfigurationIsVisible = 0;
			defaultConfigurationName = Release;
		};
		50CAF4F9180430A6009A7FA1 /* Build configuration list for PBXNativeTarget "BalancedFlowLayoutDemoTests" */ = {
			isa = XCConfigurationList;
			buildConfigurations = (
				50CAF4FA180430A6009A7FA1 /* Debug */,
				50CAF4FB180430A6009A7FA1 /* Release */,
			);
			defaultConfigurationIsVisible = 0;
			defaultConfigurationName = Release;
		};
/* End XCConfigurationList section */
	};
	rootObject = 50CAF4BC180430A6009A7FA1 /* Project object */;
}
